
Microsoft Visual Studio Solution File, Format Version 12.00
# Visual Studio Version 17
VisualStudioVersion = 17.3.32819.101
MinimumVisualStudioVersion = 10.0.40219.1
Project("{FAE04EC0-301F-11D3-BF4B-00C04F79EFBC}") = "CS_NET6_USE_CPPX32DLL", "CS_NET6_USE_CPPX32DLL\CS_NET6_USE_CPPX32DLL.csproj", "{279DF4D5-8066-43A2-861D-D4F2DD812C4B}"
EndProject
Global
	GlobalSection(SolutionConfigurationPlatforms) = preSolution
		Debug|Any CPU = Debug|Any CPU
		Release|Any CPU = Release|Any CPU
	EndGlobalSection
	GlobalSection(ProjectConfigurationPlatforms) = postSolution
		{279DF4D5-8066-43A2-861D-D4F2DD812C4B}.Debug|Any CPU.ActiveCfg = Debug|Any CPU
		{279DF4D5-8066-43A2-861D-D4F2DD812C4B}.Debug|Any CPU.Build.0 = Debug|Any CPU
		{279DF4D5-8066-43A2-861D-D4F2DD812C4B}.Release|Any CPU.ActiveCfg = Release|Any CPU
		{279DF4D5-8066-43A2-861D-D4F2DD812C4B}.Release|Any CPU.Build.0 = Release|Any CPU
	EndGlobalSection
	GlobalSection(SolutionProperties) = preSolution
		HideSolutionNode = FALSE
	EndGlobalSection
	GlobalSection(ExtensibilityGlobals) = postSolution
		SolutionGuid = {B821CE10-7C74-4256-B112-EEF4CD9144EA}
	EndGlobalSection
EndGlobal
